
Microsoft Visual Studio Solution File, Format Version 12.00
# Visual Studio Version 17
VisualStudioVersion = 17.9.34616.47
MinimumVisualStudioVersion = 10.0.40219.1
Project("{FAE04EC0-301F-11D3-BF4B-00C04F79EFBC}") = "tpmodul8_1302223139", "tpmodul8_1302223139\tpmodul8_1302223139.csproj", "{BA58762F-EAEE-473B-B6C1-9D0B32B2AE7C}"
EndProject
Global
	GlobalSection(SolutionConfigurationPlatforms) = preSolution
		Debug|Any CPU = Debug|Any CPU
		Release|Any CPU = Release|Any CPU
	EndGlobalSection
	GlobalSection(ProjectConfigurationPlatforms) = postSolution
		{BA58762F-EAEE-473B-B6C1-9D0B32B2AE7C}.Debug|Any CPU.ActiveCfg = Debug|Any CPU
		{BA58762F-EAEE-473B-B6C1-9D0B32B2AE7C}.Debug|Any CPU.Build.0 = Debug|Any CPU
		{BA58762F-EAEE-473B-B6C1-9D0B32B2AE7C}.Release|Any CPU.ActiveCfg = Release|Any CPU
		{BA58762F-EAEE-473B-B6C1-9D0B32B2AE7C}.Release|Any CPU.Build.0 = Release|Any CPU
	EndGlobalSection
	GlobalSection(SolutionProperties) = preSolution
		HideSolutionNode = FALSE
	EndGlobalSection
	GlobalSection(ExtensibilityGlobals) = postSolution
		SolutionGuid = {BE47A4A4-DF50-4B5B-B5CC-B6A1A5C6593C}
	EndGlobalSection
EndGlobal
